
Microsoft Visual Studio Solution File, Format Version 12.00
Project("{FAE04EC0-301F-11D3-BF4B-00C04F79EFBC}") = "GameHUB", "GameHUB\GameHUB.csproj", "{2E0CBA98-73DF-48F9-B5D4-EB900710A521}"
EndProject
Global
	GlobalSection(SolutionConfigurationPlatforms) = preSolution
		Debug|Any CPU = Debug|Any CPU
		Release|Any CPU = Release|Any CPU
	EndGlobalSection
	GlobalSection(ProjectConfigurationPlatforms) = postSolution
		{2E0CBA98-73DF-48F9-B5D4-EB900710A521}.Debug|Any CPU.ActiveCfg = Debug|Any CPU
		{2E0CBA98-73DF-48F9-B5D4-EB900710A521}.Debug|Any CPU.Build.0 = Debug|Any CPU
		{2E0CBA98-73DF-48F9-B5D4-EB900710A521}.Release|Any CPU.ActiveCfg = Release|Any CPU
		{2E0CBA98-73DF-48F9-B5D4-EB900710A521}.Release|Any CPU.Build.0 = Release|Any CPU
	EndGlobalSection
EndGlobal
